
Microsoft Visual Studio Solution File, Format Version 12.00
# Visual Studio Version 17
VisualStudioVersion = 17.11.35312.102
MinimumVisualStudioVersion = 10.0.40219.1
Project("{FAE04EC0-301F-11D3-BF4B-00C04F79EFBC}") = "ProjectBL", "ProjectBL\ProjectBL.csproj", "{D64E64DC-BF3E-46C0-93A7-19D9B217F427}"
EndProject
Project("{FAE04EC0-301F-11D3-BF4B-00C04F79EFBC}") = "ProjectDAL", "ProjectDAL\ProjectDAL.csproj", "{C6CD12FE-CA01-4A5D-AA53-62782D570068}"
EndProject
Project("{FAE04EC0-301F-11D3-BF4B-00C04F79EFBC}") = "ProjectMVC", "ProjectMVC\ProjectMVC.csproj", "{E1B7140E-BD74-441B-A7B6-67D96E376194}"
EndProject
Global
	GlobalSection(SolutionConfigurationPlatforms) = preSolution
		Debug|Any CPU = Debug|Any CPU
		Release|Any CPU = Release|Any CPU
	EndGlobalSection
	GlobalSection(ProjectConfigurationPlatforms) = postSolution
		{D64E64DC-BF3E-46C0-93A7-19D9B217F427}.Debug|Any CPU.ActiveCfg = Debug|Any CPU
		{D64E64DC-BF3E-46C0-93A7-19D9B217F427}.Debug|Any CPU.Build.0 = Debug|Any CPU
		{D64E64DC-BF3E-46C0-93A7-19D9B217F427}.Release|Any CPU.ActiveCfg = Release|Any CPU
		{D64E64DC-BF3E-46C0-93A7-19D9B217F427}.Release|Any CPU.Build.0 = Release|Any CPU
		{C6CD12FE-CA01-4A5D-AA53-62782D570068}.Debug|Any CPU.ActiveCfg = Debug|Any CPU
		{C6CD12FE-CA01-4A5D-AA53-62782D570068}.Debug|Any CPU.Build.0 = Debug|Any CPU
		{C6CD12FE-CA01-4A5D-AA53-62782D570068}.Release|Any CPU.ActiveCfg = Release|Any CPU
		{C6CD12FE-CA01-4A5D-AA53-62782D570068}.Release|Any CPU.Build.0 = Release|Any CPU
		{E1B7140E-BD74-441B-A7B6-67D96E376194}.Debug|Any CPU.ActiveCfg = Debug|Any CPU
		{E1B7140E-BD74-441B-A7B6-67D96E376194}.Debug|Any CPU.Build.0 = Debug|Any CPU
		{E1B7140E-BD74-441B-A7B6-67D96E376194}.Release|Any CPU.ActiveCfg = Release|Any CPU
		{E1B7140E-BD74-441B-A7B6-67D96E376194}.Release|Any CPU.Build.0 = Release|Any CPU
	EndGlobalSection
	GlobalSection(SolutionProperties) = preSolution
		HideSolutionNode = FALSE
	EndGlobalSection
	GlobalSection(ExtensibilityGlobals) = postSolution
		SolutionGuid = {5598933B-630D-4C3E-98BD-608FEC44F0CD}
	EndGlobalSection
EndGlobal
