
Microsoft Visual Studio Solution File, Format Version 12.00
# Visual Studio Version 17
VisualStudioVersion = 17.13.35825.156 d17.13
MinimumVisualStudioVersion = 10.0.40219.1
Project("{FAE04EC0-301F-11D3-BF4B-00C04F79EFBC}") = "ProjectBL", "ProjectBL\ProjectBL.csproj", "{99BC972F-ACEF-4444-8ED2-F891B3A76389}"
EndProject
Project("{FAE04EC0-301F-11D3-BF4B-00C04F79EFBC}") = "ProjectDAL", "ProjectDAL\ProjectDAL.csproj", "{A246ED9F-71A4-42F3-A961-CE09C0863779}"
EndProject
Project("{FAE04EC0-301F-11D3-BF4B-00C04F79EFBC}") = "ProjectMVC", "ProjectMVC\ProjectMVC.csproj", "{74BD91FC-FA7E-43E3-BD26-9BE4148A3ACA}"
EndProject
Global
	GlobalSection(SolutionConfigurationPlatforms) = preSolution
		Debug|Any CPU = Debug|Any CPU
		Release|Any CPU = Release|Any CPU
	EndGlobalSection
	GlobalSection(ProjectConfigurationPlatforms) = postSolution
		{99BC972F-ACEF-4444-8ED2-F891B3A76389}.Debug|Any CPU.ActiveCfg = Debug|Any CPU
		{99BC972F-ACEF-4444-8ED2-F891B3A76389}.Debug|Any CPU.Build.0 = Debug|Any CPU
		{99BC972F-ACEF-4444-8ED2-F891B3A76389}.Release|Any CPU.ActiveCfg = Release|Any CPU
		{99BC972F-ACEF-4444-8ED2-F891B3A76389}.Release|Any CPU.Build.0 = Release|Any CPU
		{A246ED9F-71A4-42F3-A961-CE09C0863779}.Debug|Any CPU.ActiveCfg = Debug|Any CPU
		{A246ED9F-71A4-42F3-A961-CE09C0863779}.Debug|Any CPU.Build.0 = Debug|Any CPU
		{A246ED9F-71A4-42F3-A961-CE09C0863779}.Release|Any CPU.ActiveCfg = Release|Any CPU
		{A246ED9F-71A4-42F3-A961-CE09C0863779}.Release|Any CPU.Build.0 = Release|Any CPU
		{74BD91FC-FA7E-43E3-BD26-9BE4148A3ACA}.Debug|Any CPU.ActiveCfg = Debug|Any CPU
		{74BD91FC-FA7E-43E3-BD26-9BE4148A3ACA}.Debug|Any CPU.Build.0 = Debug|Any CPU
		{74BD91FC-FA7E-43E3-BD26-9BE4148A3ACA}.Release|Any CPU.ActiveCfg = Release|Any CPU
		{74BD91FC-FA7E-43E3-BD26-9BE4148A3ACA}.Release|Any CPU.Build.0 = Release|Any CPU
	EndGlobalSection
	GlobalSection(SolutionProperties) = preSolution
		HideSolutionNode = FALSE
	EndGlobalSection
	GlobalSection(ExtensibilityGlobals) = postSolution
		SolutionGuid = {341CE9C7-59E1-4E14-88CF-8FB871372488}
	EndGlobalSection
EndGlobal
